Microsoft Visual Studio Solution File, Format Version 12.00
# Visual Studio Version 17
VisualStudioVersion = 17.10.34916.146
MinimumVisualStudioVersion = 10.0.40219.1
Project("{2150E333-8FDC-42A3-9474-1A3956D46DE8}") = "Services", "Services", "{0311D5D2-FEE4-4F75-AEBF-5B32A06EB171}"
EndProject
Project("{2150E333-8FDC-42A3-9474-1A3956D46DE8}") = "FrontEnd", "FrontEnd", "{8AB498A7-6518-408C-937F-647452AEA70F}"
EndProject
Project("{2150E333-8FDC-42A3-9474-1A3956D46DE8}") = "GateWay", "GateWay", "{AA472A8A-5CE0-4377-99C8-C5E23F836AAE}"
EndProject
Project("{9A19103F-16F7-4668-BE54-9A1E7A4F7556}") = "GetUrCourse.Services.PaymentAPI", "GetUrCourse.Services.PaymentAPI\GetUrCourse.Services.PaymentAPI.csproj", "{0454D285-CF31-4790-98EF-4B0B0019BD3B}"
EndProject

Project("{FAE04EC0-301F-11D3-BF4B-00C04F79EFBC}") = "GetUrCourse.Services.CourseAPI", "GetUrCourse.Services.CourseAPI\GetUrCourse.Services.CourseAPI.csproj", "{8AA37788-02AE-43CE-B267-5F90B4D93053}"
EndProject

Project("{FAE04EC0-301F-11D3-BF4B-00C04F79EFBC}") = "GetUrCourse.Services.AuthAPI", "GetUrCourse.Services.AuthAPI\GetUrCourse.Services.AuthAPI.csproj", "{A02F8CAB-2FF4-41AE-8E34-6DFD6C2E1955}"
EndProject
Project("{FAE04EC0-301F-11D3-BF4B-00C04F79EFBC}") = "GetUrCourse.Services.ChatAPI", "GetUrCourse.Services.ChatAPI\GetUrCourse.Services.ChatAPI.csproj", "{FCEF5464-EF47-4216-AE4C-ED8D4ED7DB90}"
EndProject
Project("{FAE04EC0-301F-11D3-BF4B-00C04F79EFBC}") = "GetUrCourse.Services.TaskAPI", "GetUrCourse.Services.TaskAPI\GetUrCourse.Services.TaskAPI.csproj", "{3465E3F7-514A-42E4-93F7-827655B840C5}"
EndProject
Project("{FAE04EC0-301F-11D3-BF4B-00C04F79EFBC}") = "GetUrCourse.Services.UserAPI", "GetUrCourse.Services.UserAPI\GetUrCourse.Services.UserAPI.csproj", "{E2C72523-55A9-49EF-92ED-2FBDC752FF40}"
EndProject
Project("{FAE04EC0-301F-11D3-BF4B-00C04F79EFBC}") = "GetUrCourse.Services.NotificationAPI", "GetUrCourse.Services.NotificationAPI\GetUrCourse.Services.NotificationAPI.csproj", "{975214E4-CAD7-4003-9B6A-D7D4AB3F33B3}"
EndProject
Project("{FAE04EC0-301F-11D3-BF4B-00C04F79EFBC}") = "GetUrCourse.Contracts", "GetUrCourse.Contracts\GetUrCourse.Contracts.csproj", "{E81FB90B-78A3-4D4E-B119-7950B9BB48A5}"
EndProject
Project("{FAE04EC0-301F-11D3-BF4B-00C04F79EFBC}") = "GetUrCourse.Orchestrator", "GetUrCourse.Orchestrator\GetUrCourse.Orchestrator.csproj", "{F893B0F4-1BB9-4573-A06E-81A132FD8015}"
EndProject

Global
	GlobalSection(SolutionConfigurationPlatforms) = preSolution
		Debug|Any CPU = Debug|Any CPU
		Release|Any CPU = Release|Any CPU
	EndGlobalSection
	GlobalSection(ProjectConfigurationPlatforms) = postSolution
				
		{8AA37788-02AE-43CE-B267-5F90B4D93053}.Debug|Any CPU.ActiveCfg = Debug|Any CPU
		{8AA37788-02AE-43CE-B267-5F90B4D93053}.Debug|Any CPU.Build.0 = Debug|Any CPU
		{8AA37788-02AE-43CE-B267-5F90B4D93053}.Release|Any CPU.ActiveCfg = Release|Any CPU
		{8AA37788-02AE-43CE-B267-5F90B4D93053}.Release|Any CPU.Build.0 = Release|Any CPU

		{A02F8CAB-2FF4-41AE-8E34-6DFD6C2E1955}.Debug|Any CPU.ActiveCfg = Debug|Any CPU
		{A02F8CAB-2FF4-41AE-8E34-6DFD6C2E1955}.Debug|Any CPU.Build.0 = Debug|Any CPU
		{A02F8CAB-2FF4-41AE-8E34-6DFD6C2E1955}.Release|Any CPU.ActiveCfg = Release|Any CPU
		{A02F8CAB-2FF4-41AE-8E34-6DFD6C2E1955}.Release|Any CPU.Build.0 = Release|Any CPU

		{FCEF5464-EF47-4216-AE4C-ED8D4ED7DB90}.Debug|Any CPU.ActiveCfg = Debug|Any CPU
		{FCEF5464-EF47-4216-AE4C-ED8D4ED7DB90}.Debug|Any CPU.Build.0 = Debug|Any CPU
		{FCEF5464-EF47-4216-AE4C-ED8D4ED7DB90}.Release|Any CPU.ActiveCfg = Release|Any CPU
		{FCEF5464-EF47-4216-AE4C-ED8D4ED7DB90}.Release|Any CPU.Build.0 = Release|Any CPU
		{3465E3F7-514A-42E4-93F7-827655B840C5}.Debug|Any CPU.ActiveCfg = Debug|Any CPU
		{3465E3F7-514A-42E4-93F7-827655B840C5}.Debug|Any CPU.Build.0 = Debug|Any CPU
		{3465E3F7-514A-42E4-93F7-827655B840C5}.Release|Any CPU.ActiveCfg = Release|Any CPU
		{3465E3F7-514A-42E4-93F7-827655B840C5}.Release|Any CPU.Build.0 = Release|Any CPU
		{E2C72523-55A9-49EF-92ED-2FBDC752FF40}.Debug|Any CPU.ActiveCfg = Debug|Any CPU
		{E2C72523-55A9-49EF-92ED-2FBDC752FF40}.Debug|Any CPU.Build.0 = Debug|Any CPU
		{E2C72523-55A9-49EF-92ED-2FBDC752FF40}.Release|Any CPU.ActiveCfg = Release|Any CPU
		{E2C72523-55A9-49EF-92ED-2FBDC752FF40}.Release|Any CPU.Build.0 = Release|Any CPU
		{0454D285-CF31-4790-98EF-4B0B0019BD3B}.Debug|Any CPU.ActiveCfg = Debug|Any CPU
		{0454D285-CF31-4790-98EF-4B0B0019BD3B}.Debug|Any CPU.Build.0 = Debug|Any CPU
		{975214E4-CAD7-4003-9B6A-D7D4AB3F33B3}.Debug|Any CPU.ActiveCfg = Debug|Any CPU
		{975214E4-CAD7-4003-9B6A-D7D4AB3F33B3}.Debug|Any CPU.Build.0 = Debug|Any CPU
		{975214E4-CAD7-4003-9B6A-D7D4AB3F33B3}.Release|Any CPU.ActiveCfg = Release|Any CPU
		{975214E4-CAD7-4003-9B6A-D7D4AB3F33B3}.Release|Any CPU.Build.0 = Release|Any CPU
		{E81FB90B-78A3-4D4E-B119-7950B9BB48A5}.Debug|Any CPU.ActiveCfg = Debug|Any CPU
		{E81FB90B-78A3-4D4E-B119-7950B9BB48A5}.Debug|Any CPU.Build.0 = Debug|Any CPU
		{E81FB90B-78A3-4D4E-B119-7950B9BB48A5}.Release|Any CPU.ActiveCfg = Release|Any CPU
		{E81FB90B-78A3-4D4E-B119-7950B9BB48A5}.Release|Any CPU.Build.0 = Release|Any CPU
		{F893B0F4-1BB9-4573-A06E-81A132FD8015}.Debug|Any CPU.ActiveCfg = Debug|Any CPU
		{F893B0F4-1BB9-4573-A06E-81A132FD8015}.Debug|Any CPU.Build.0 = Debug|Any CPU
		{F893B0F4-1BB9-4573-A06E-81A132FD8015}.Release|Any CPU.ActiveCfg = Release|Any CPU
		{F893B0F4-1BB9-4573-A06E-81A132FD8015}.Release|Any CPU.Build.0 = Release|Any CPU
	EndGlobalSection
	GlobalSection(SolutionProperties) = preSolution
		HideSolutionNode = FALSE
	EndGlobalSection
	GlobalSection(NestedProjects) = preSolution
		{8AA37788-02AE-43CE-B267-5F90B4D93053} = {0311D5D2-FEE4-4F75-AEBF-5B32A06EB171}

		{A02F8CAB-2FF4-41AE-8E34-6DFD6C2E1955} = {0311D5D2-FEE4-4F75-AEBF-5B32A06EB171}

		{FCEF5464-EF47-4216-AE4C-ED8D4ED7DB90} = {0311D5D2-FEE4-4F75-AEBF-5B32A06EB171}
		{3465E3F7-514A-42E4-93F7-827655B840C5} = {0311D5D2-FEE4-4F75-AEBF-5B32A06EB171}
		{E2C72523-55A9-49EF-92ED-2FBDC752FF40} = {0311D5D2-FEE4-4F75-AEBF-5B32A06EB171}
		{0454D285-CF31-4790-98EF-4B0B0019BD3B} = {0311D5D2-FEE4-4F75-AEBF-5B32A06EB171}
		{975214E4-CAD7-4003-9B6A-D7D4AB3F33B3} = {0311D5D2-FEE4-4F75-AEBF-5B32A06EB171}
	EndGlobalSection
	GlobalSection(ExtensibilityGlobals) = postSolution
		SolutionGuid = {A29657BA-E9BF-4A11-AC3B-2C7B9BCD1F02}
	EndGlobalSection
EndGlobal
